// !$*UTF8*$!
{
	archiveVersion = 1;
	classes = {
	};
	objectVersion = 55;
	objects = {

/* Begin PBXBuildFile section */
		748757E427670CBE00CF39C9 /* StacyDemoApp.swift in Sources */ = {isa = PBXBuildFile; fileRef = 748757E327670CBE00CF39C9 /* StacyDemoApp.swift */; };
		748757E827670CC100CF39C9 /* Assets.xcassets in Resources */ = {isa = PBXBuildFile; fileRef = 748757E727670CC100CF39C9 /* Assets.xcassets */; };
		748757EB27670CC100CF39C9 /* Preview Assets.xcassets in Resources */ = {isa = PBXBuildFile; fileRef = 748757EA27670CC100CF39C9 /* Preview Assets.xcassets */; };
		748757F22767132300CF39C9 /* OnboardingView.swift in Sources */ = {isa = PBXBuildFile; fileRef = 748757F12767132300CF39C9 /* OnboardingView.swift */; };
		74A58D4E27683492002A3555 /* OnboardingItem.swift in Sources */ = {isa = PBXBuildFile; fileRef = 74A58D4D27683492002A3555 /* OnboardingItem.swift */; };
		74A58D5027684FA4002A3555 /* Launch Screen.storyboard in Resources */ = {isa = PBXBuildFile; fileRef = 74A58D4F27684FA4002A3555 /* Launch Screen.storyboard */; };
		74A58D52276850DC002A3555 /* ColorExtensions.swift in Sources */ = {isa = PBXBuildFile; fileRef = 74A58D51276850DC002A3555 /* ColorExtensions.swift */; };
		74A58D54276858A9002A3555 /* LoginView.swift in Sources */ = {isa = PBXBuildFile; fileRef = 74A58D53276858A9002A3555 /* LoginView.swift */; };
		74A58D5E2768727C002A3555 /* GradientButtonStyle.swift in Sources */ = {isa = PBXBuildFile; fileRef = 74A58D5D2768727C002A3555 /* GradientButtonStyle.swift */; };
		74CAD1BD27687FF400D0DD20 /* Titles.swift in Sources */ = {isa = PBXBuildFile; fileRef = 74CAD1BC27687FF300D0DD20 /* Titles.swift */; };
		74CAD1BF2768809E00D0DD20 /* TextExtensions.swift in Sources */ = {isa = PBXBuildFile; fileRef = 74CAD1BE2768809E00D0DD20 /* TextExtensions.swift */; };
/* End PBXBuildFile section */

/* Begin PBXFileReference section */
		748757E027670CBE00CF39C9 /* StacyDemo.app */ = {isa = PBXFileReference; explicitFileType = wrapper.application; includeInIndex = 0; path = StacyDemo.app; sourceTree = BUILT_PRODUCTS_DIR; };
		748757E327670CBE00CF39C9 /* StacyDemoApp.swift */ = {isa = PBXFileReference; lastKnownFileType = sourcecode.swift; path = StacyDemoApp.swift; sourceTree = "<group>"; };
		748757E727670CC100CF39C9 /* Assets.xcassets */ = {isa = PBXFileReference; lastKnownFileType = folder.assetcatalog; path = Assets.xcassets; sourceTree = "<group>"; };
		748757EA27670CC100CF39C9 /* Preview Assets.xcassets */ = {isa = PBXFileReference; lastKnownFileType = folder.assetcatalog; path = "Preview Assets.xcassets"; sourceTree = "<group>"; };
		748757F12767132300CF39C9 /* OnboardingView.swift */ = {isa = PBXFileReference; lastKnownFileType = sourcecode.swift; path = OnboardingView.swift; sourceTree = "<group>"; };
		74A58D4D27683492002A3555 /* OnboardingItem.swift */ = {isa = PBXFileReference; lastKnownFileType = sourcecode.swift; path = OnboardingItem.swift; sourceTree = "<group>"; };
		74A58D4F27684FA4002A3555 /* Launch Screen.storyboard */ = {isa = PBXFileReference; lastKnownFileType = file.storyboard; path = "Launch Screen.storyboard"; sourceTree = "<group>"; };
		74A58D51276850DC002A3555 /* ColorExtensions.swift */ = {isa = PBXFileReference; fileEncoding = 4; lastKnownFileType = sourcecode.swift; path = ColorExtensions.swift; sourceTree = "<group>"; };
		74A58D53276858A9002A3555 /* LoginView.swift */ = {isa = PBXFileReference; lastKnownFileType = sourcecode.swift; path = LoginView.swift; sourceTree = "<group>"; };
		74A58D5D2768727C002A3555 /* GradientButtonStyle.swift */ = {isa = PBXFileReference; lastKnownFileType = sourcecode.swift; path = GradientButtonStyle.swift; sourceTree = "<group>"; };
		74CAD1BC27687FF300D0DD20 /* Titles.swift */ = {isa = PBXFileReference; lastKnownFileType = sourcecode.swift; path = Titles.swift; sourceTree = "<group>"; };
		74CAD1BE2768809E00D0DD20 /* TextExtensions.swift */ = {isa = PBXFileReference; lastKnownFileType = sourcecode.swift; path = TextExtensions.swift; sourceTree = "<group>"; };
/* End PBXFileReference section */

/* Begin PBXFrameworksBuildPhase section */
		748757DD27670CBE00CF39C9 /* Frameworks */ = {
			isa = PBXFrameworksBuildPhase;
			buildActionMask = 2147483647;
			files = (
			);
			runOnlyForDeploymentPostprocessing = 0;
		};
/* End PBXFrameworksBuildPhase section */

/* Begin PBXGroup section */
		748757D727670CBE00CF39C9 = {
			isa = PBXGroup;
			children = (
				748757E227670CBE00CF39C9 /* StacyDemo */,
				748757E127670CBE00CF39C9 /* Products */,
			);
			sourceTree = "<group>";
		};
		748757E127670CBE00CF39C9 /* Products */ = {
			isa = PBXGroup;
			children = (
				748757E027670CBE00CF39C9 /* StacyDemo.app */,
			);
			name = Products;
			sourceTree = "<group>";
		};
		748757E227670CBE00CF39C9 /* StacyDemo */ = {
			isa = PBXGroup;
			children = (
				74A58D552768604D002A3555 /* Application */,
				74A58D562768607E002A3555 /* Common */,
				74A58D592768610E002A3555 /* Modules */,
				748757E727670CC100CF39C9 /* Assets.xcassets */,
				748757E927670CC100CF39C9 /* Preview Content */,
			);
			path = StacyDemo;
			sourceTree = "<group>";
		};
		748757E927670CC100CF39C9 /* Preview Content */ = {
			isa = PBXGroup;
			children = (
				748757EA27670CC100CF39C9 /* Preview Assets.xcassets */,
			);
			path = "Preview Content";
			sourceTree = "<group>";
		};
		74A58D552768604D002A3555 /* Application */ = {
			isa = PBXGroup;
			children = (
				74A58D4F27684FA4002A3555 /* Launch Screen.storyboard */,
				748757E327670CBE00CF39C9 /* StacyDemoApp.swift */,
			);
			path = Application;
			sourceTree = "<group>";
		};
		74A58D562768607E002A3555 /* Common */ = {
			isa = PBXGroup;
			children = (
				74A58D572768608C002A3555 /* Extensions */,
				74A58D5827686099002A3555 /* Models */,
				74A58D5C27687251002A3555 /* Modifiers */,
				74CAD1BB27687FC300D0DD20 /* SubViews */,
			);
			path = Common;
			sourceTree = "<group>";
		};
		74A58D572768608C002A3555 /* Extensions */ = {
			isa = PBXGroup;
			children = (
				74A58D51276850DC002A3555 /* ColorExtensions.swift */,
				74CAD1BE2768809E00D0DD20 /* TextExtensions.swift */,
			);
			path = Extensions;
			sourceTree = "<group>";
		};
		74A58D5827686099002A3555 /* Models */ = {
			isa = PBXGroup;
			children = (
				74A58D4D27683492002A3555 /* OnboardingItem.swift */,
			);
			path = Models;
			sourceTree = "<group>";
		};
		74A58D592768610E002A3555 /* Modules */ = {
			isa = PBXGroup;
			children = (
				74A58D5A27686129002A3555 /* Login */,
				74A58D5B27686133002A3555 /* Onboarding */,
			);
			path = Modules;
			sourceTree = "<group>";
		};
		74A58D5A27686129002A3555 /* Login */ = {
			isa = PBXGroup;
			children = (
				74A58D53276858A9002A3555 /* LoginView.swift */,
			);
			path = Login;
			sourceTree = "<group>";
		};
		74A58D5B27686133002A3555 /* Onboarding */ = {
			isa = PBXGroup;
			children = (
				748757F12767132300CF39C9 /* OnboardingView.swift */,
			);
			path = Onboarding;
			sourceTree = "<group>";
		};
		74A58D5C27687251002A3555 /* Modifiers */ = {
			isa = PBXGroup;
			children = (
				74A58D5D2768727C002A3555 /* GradientButtonStyle.swift */,
			);
			path = Modifiers;
			sourceTree = "<group>";
		};
		74CAD1BB27687FC300D0DD20 /* SubViews */ = {
			isa = PBXGroup;
			children = (
				74CAD1BC27687FF300D0DD20 /* Titles.swift */,
			);
			path = SubViews;
			sourceTree = "<group>";
		};
/* End PBXGroup section */

/* Begin PBXNativeTarget section */
		748757DF27670CBE00CF39C9 /* StacyDemo */ = {
			isa = PBXNativeTarget;
			buildConfigurationList = 748757EE27670CC100CF39C9 /* Build configuration list for PBXNativeTarget "StacyDemo" */;
			buildPhases = (
				748757DC27670CBE00CF39C9 /* Sources */,
				748757DD27670CBE00CF39C9 /* Frameworks */,
				748757DE27670CBE00CF39C9 /* Resources */,
			);
			buildRules = (
			);
			dependencies = (
			);
			name = StacyDemo;
			productName = StacyDemo;
			productReference = 748757E027670CBE00CF39C9 /* StacyDemo.app */;
			productType = "com.apple.product-type.application";
		};
/* End PBXNativeTarget section */

/* Begin PBXProject section */
		748757D827670CBE00CF39C9 /* Project object */ = {
			isa = PBXProject;
			attributes = {
				BuildIndependentTargetsInParallel = 1;
				LastSwiftUpdateCheck = 1310;
				LastUpgradeCheck = 1310;
				TargetAttributes = {
					748757DF27670CBE00CF39C9 = {
						CreatedOnToolsVersion = 13.1;
					};
				};
			};
			buildConfigurationList = 748757DB27670CBE00CF39C9 /* Build configuration list for PBXProject "StacyDemo" */;
			compatibilityVersion = "Xcode 13.0";
			developmentRegion = en;
			hasScannedForEncodings = 0;
			knownRegions = (
				en,
				Base,
			);
			mainGroup = 748757D727670CBE00CF39C9;
			productRefGroup = 748757E127670CBE00CF39C9 /* Products */;
			projectDirPath = "";
			projectRoot = "";
			targets = (
				748757DF27670CBE00CF39C9 /* StacyDemo */,
			);
		};
/* End PBXProject section */

/* Begin PBXResourcesBuildPhase section */
		748757DE27670CBE00CF39C9 /* Resources */ = {
			isa = PBXResourcesBuildPhase;
			buildActionMask = 2147483647;
			files = (
				74A58D5027684FA4002A3555 /* Launch Screen.storyboard in Resources */,
				748757EB27670CC100CF39C9 /* Preview Assets.xcassets in Resources */,
				748757E827670CC100CF39C9 /* Assets.xcassets in Resources */,
			);
			runOnlyForDeploymentPostprocessing = 0;
		};
/* End PBXResourcesBuildPhase section */

/* Begin PBXSourcesBuildPhase section */
		748757DC27670CBE00CF39C9 /* Sources */ = {
			isa = PBXSourcesBuildPhase;
			buildActionMask = 2147483647;
			files = (
				748757F22767132300CF39C9 /* OnboardingView.swift in Sources */,
				74A58D4E27683492002A3555 /* OnboardingItem.swift in Sources */,
				748757E427670CBE00CF39C9 /* StacyDemoApp.swift in Sources */,
				74A58D5E2768727C002A3555 /* GradientButtonStyle.swift in Sources */,
				74CAD1BF2768809E00D0DD20 /* TextExtensions.swift in Sources */,
				74CAD1BD27687FF400D0DD20 /* Titles.swift in Sources */,
				74A58D54276858A9002A3555 /* LoginView.swift in Sources */,
				74A58D52276850DC002A3555 /* ColorExtensions.swift in Sources */,
			);
			runOnlyForDeploymentPostprocessing = 0;
		};
/* End PBXSourcesBuildPhase section */

/* Begin XCBuildConfiguration section */
		748757EC27670CC100CF39C9 /* Debug */ = {
			isa = XCBuildConfiguration;
			buildSettings = {
				ALWAYS_SEARCH_USER_PATHS = NO;
				CLANG_ANALYZER_NONNULL = YES;
				CLANG_ANALYZER_NUMBER_OBJECT_CONVERSION = YES_AGGRESSIVE;
				CLANG_CXX_LANGUAGE_STANDARD = "gnu++17";
				CLANG_CXX_LIBRARY = "libc++";
				CLANG_ENABLE_MODULES = YES;
				CLANG_ENABLE_OBJC_ARC = YES;
				CLANG_ENABLE_OBJC_WEAK = YES;
				CLANG_WARN_BLOCK_CAPTURE_AUTORELEASING = YES;
				CLANG_WARN_BOOL_CONVERSION = YES;
				CLANG_WARN_COMMA = YES;
				CLANG_WARN_CONSTANT_CONVERSION = YES;
				CLANG_WARN_DEPRECATED_OBJC_IMPLEMENTATIONS = YES;
				CLANG_WARN_DIRECT_OBJC_ISA_USAGE = YES_ERROR;
				CLANG_WARN_DOCUMENTATION_COMMENTS = YES;
				CLANG_WARN_EMPTY_BODY = YES;
				CLANG_WARN_ENUM_CONVERSION = YES;
				CLANG_WARN_INFINITE_RECURSION = YES;
				CLANG_WARN_INT_CONVERSION = YES;
				CLANG_WARN_NON_LITERAL_NULL_CONVERSION = YES;
				CLANG_WARN_OBJC_IMPLICIT_RETAIN_SELF = YES;
				CLANG_WARN_OBJC_LITERAL_CONVERSION = YES;
				CLANG_WARN_OBJC_ROOT_CLASS = YES_ERROR;
				CLANG_WARN_QUOTED_INCLUDE_IN_FRAMEWORK_HEADER = YES;
				CLANG_WARN_RANGE_LOOP_ANALYSIS = YES;
				CLANG_WARN_STRICT_PROTOTYPES = YES;
				CLANG_WARN_SUSPICIOUS_MOVE = YES;
				CLANG_WARN_UNGUARDED_AVAILABILITY = YES_AGGRESSIVE;
				CLANG_WARN_UNREACHABLE_CODE = YES;
				CLANG_WARN__DUPLICATE_METHOD_MATCH = YES;
				COPY_PHASE_STRIP = NO;
				DEBUG_INFORMATION_FORMAT = dwarf;
				ENABLE_STRICT_OBJC_MSGSEND = YES;
				ENABLE_TESTABILITY = YES;
				GCC_C_LANGUAGE_STANDARD = gnu11;
				GCC_DYNAMIC_NO_PIC = NO;
				GCC_NO_COMMON_BLOCKS = YES;
				GCC_OPTIMIZATION_LEVEL = 0;
				GCC_PREPROCESSOR_DEFINITIONS = (
					"DEBUG=1",
					"$(inherited)",
				);
				GCC_WARN_64_TO_32_BIT_CONVERSION = YES;
				GCC_WARN_ABOUT_RETURN_TYPE = YES_ERROR;
				GCC_WARN_UNDECLARED_SELECTOR = YES;
				GCC_WARN_UNINITIALIZED_AUTOS = YES_AGGRESSIVE;
				GCC_WARN_UNUSED_FUNCTION = YES;
				GCC_WARN_UNUSED_VARIABLE = YES;
				IPHONEOS_DEPLOYMENT_TARGET = 15.0;
				MTL_ENABLE_DEBUG_INFO = INCLUDE_SOURCE;
				MTL_FAST_MATH = YES;
				ONLY_ACTIVE_ARCH = YES;
				SDKROOT = iphoneos;
				SWIFT_ACTIVE_COMPILATION_CONDITIONS = DEBUG;
				SWIFT_OPTIMIZATION_LEVEL = "-Onone";
			};
			name = Debug;
		};
		748757ED27670CC100CF39C9 /* Release */ = {
			isa = XCBuildConfiguration;
			buildSettings = {
				ALWAYS_SEARCH_USER_PATHS = NO;
				CLANG_ANALYZER_NONNULL = YES;
				CLANG_ANALYZER_NUMBER_OBJECT_CONVERSION = YES_AGGRESSIVE;
				CLANG_CXX_LANGUAGE_STANDARD = "gnu++17";
				CLANG_CXX_LIBRARY = "libc++";
				CLANG_ENABLE_MODULES = YES;
				CLANG_ENABLE_OBJC_ARC = YES;
				CLANG_ENABLE_OBJC_WEAK = YES;
				CLANG_WARN_BLOCK_CAPTURE_AUTORELEASING = YES;
				CLANG_WARN_BOOL_CONVERSION = YES;
				CLANG_WARN_COMMA = YES;
				CLANG_WARN_CONSTANT_CONVERSION = YES;
				CLANG_WARN_DEPRECATED_OBJC_IMPLEMENTATIONS = YES;
				CLANG_WARN_DIRECT_OBJC_ISA_USAGE = YES_ERROR;
				CLANG_WARN_DOCUMENTATION_COMMENTS = YES;
				CLANG_WARN_EMPTY_BODY = YES;
				CLANG_WARN_ENUM_CONVERSION = YES;
				CLANG_WARN_INFINITE_RECURSION = YES;
				CLANG_WARN_INT_CONVERSION = YES;
				CLANG_WARN_NON_LITERAL_NULL_CONVERSION = YES;
				CLANG_WARN_OBJC_IMPLICIT_RETAIN_SELF = YES;
				CLANG_WARN_OBJC_LITERAL_CONVERSION = YES;
				CLANG_WARN_OBJC_ROOT_CLASS = YES_ERROR;
				CLANG_WARN_QUOTED_INCLUDE_IN_FRAMEWORK_HEADER = YES;
				CLANG_WARN_RANGE_LOOP_ANALYSIS = YES;
				CLANG_WARN_STRICT_PROTOTYPES = YES;
				CLANG_WARN_SUSPICIOUS_MOVE = YES;
				CLANG_WARN_UNGUARDED_AVAILABILITY = YES_AGGRESSIVE;
				CLANG_WARN_UNREACHABLE_CODE = YES;
				CLANG_WARN__DUPLICATE_METHOD_MATCH = YES;
				COPY_PHASE_STRIP = NO;
				DEBUG_INFORMATION_FORMAT = "dwarf-with-dsym";
				ENABLE_NS_ASSERTIONS = NO;
				ENABLE_STRICT_OBJC_MSGSEND = YES;
				GCC_C_LANGUAGE_STANDARD = gnu11;
				GCC_NO_COMMON_BLOCKS = YES;
				GCC_WARN_64_TO_32_BIT_CONVERSION = YES;
				GCC_WARN_ABOUT_RETURN_TYPE = YES_ERROR;
				GCC_WARN_UNDECLARED_SELECTOR = YES;
				GCC_WARN_UNINITIALIZED_AUTOS = YES_AGGRESSIVE;
				GCC_WARN_UNUSED_FUNCTION = YES;
				GCC_WARN_UNUSED_VARIABLE = YES;
				IPHONEOS_DEPLOYMENT_TARGET = 15.0;
				MTL_ENABLE_DEBUG_INFO = NO;
				MTL_FAST_MATH = YES;
				SDKROOT = iphoneos;
				SWIFT_COMPILATION_MODE = wholemodule;
				SWIFT_OPTIMIZATION_LEVEL = "-O";
				VALIDATE_PRODUCT = YES;
			};
			name = Release;
		};
		748757EF27670CC100CF39C9 /* Debug */ = {
			isa = XCBuildConfiguration;
			buildSettings = {
				ASSETCATALOG_COMPILER_APPICON_NAME = AppIcon;
				ASSETCATALOG_COMPILER_GLOBAL_ACCENT_COLOR_NAME = AccentColor;
				CODE_SIGN_STYLE = Automatic;
				CURRENT_PROJECT_VERSION = 1;
				DEVELOPMENT_ASSET_PATHS = "\"StacyDemo/Preview Content\"";
				DEVELOPMENT_TEAM = QMGR5Z3P4V;
				ENABLE_PREVIEWS = YES;
				GENERATE_INFOPLIST_FILE = YES;
				INFOPLIST_KEY_UIApplicationSceneManifest_Generation = YES;
				INFOPLIST_KEY_UIApplicationSupportsIndirectInputEvents = YES;
				INFOPLIST_KEY_UILaunchScreen_Generation = YES;
				INFOPLIST_KEY_UILaunchStoryboardName = "Launch Screen";
				INFOPLIST_KEY_UISupportedInterfaceOrientations_iPad = "UIInterfaceOrientationPortrait UIInterfaceOrientationPortraitUpsideDown UIInterfaceOrientationLandscapeLeft UIInterfaceOrientationLandscapeRight";
				INFOPLIST_KEY_UISupportedInterfaceOrientations_iPhone = "UIInterfaceOrientationPortrait UIInterfaceOrientationLandscapeLeft UIInterfaceOrientationLandscapeRight";
				LD_RUNPATH_SEARCH_PATHS = (
					"$(inherited)",
					"@executable_path/Frameworks",
				);
				MARKETING_VERSION = 1.0;
				PRODUCT_BUNDLE_IDENTIFIER = com.FrankEslami.StacyDemo;
				PRODUCT_NAME = "$(TARGET_NAME)";
				SWIFT_EMIT_LOC_STRINGS = YES;
				SWIFT_VERSION = 5.0;
				TARGETED_DEVICE_FAMILY = "1,2";
			};
			name = Debug;
		};
		748757F027670CC100CF39C9 /* Release */ = {
			isa = XCBuildConfiguration;
			buildSettings = {
				ASSETCATALOG_COMPILER_APPICON_NAME = AppIcon;
				ASSETCATALOG_COMPILER_GLOBAL_ACCENT_COLOR_NAME = AccentColor;
				CODE_SIGN_STYLE = Automatic;
				CURRENT_PROJECT_VERSION = 1;
				DEVELOPMENT_ASSET_PATHS = "\"StacyDemo/Preview Content\"";
				DEVELOPMENT_TEAM = QMGR5Z3P4V;
				ENABLE_PREVIEWS = YES;
				GENERATE_INFOPLIST_FILE = YES;
				INFOPLIST_KEY_UIApplicationSceneManifest_Generation = YES;
				INFOPLIST_KEY_UIApplicationSupportsIndirectInputEvents = YES;
				INFOPLIST_KEY_UILaunchScreen_Generation = YES;
				INFOPLIST_KEY_UILaunchStoryboardName = "Launch Screen";
				INFOPLIST_KEY_UISupportedInterfaceOrientations_iPad = "UIInterfaceOrientationPortrait UIInterfaceOrientationPortraitUpsideDown UIInterfaceOrientationLandscapeLeft UIInterfaceOrientationLandscapeRight";
				INFOPLIST_KEY_UISupportedInterfaceOrientations_iPhone = "UIInterfaceOrientationPortrait UIInterfaceOrientationLandscapeLeft UIInterfaceOrientationLandscapeRight";
				LD_RUNPATH_SEARCH_PATHS = (
					"$(inherited)",
					"@executable_path/Frameworks",
				);
				MARKETING_VERSION = 1.0;
				PRODUCT_BUNDLE_IDENTIFIER = com.FrankEslami.StacyDemo;
				PRODUCT_NAME = "$(TARGET_NAME)";
				SWIFT_EMIT_LOC_STRINGS = YES;
				SWIFT_VERSION = 5.0;
				TARGETED_DEVICE_FAMILY = "1,2";
			};
			name = Release;
		};
/* End XCBuildConfiguration section */

/* Begin XCConfigurationList section */
		748757DB27670CBE00CF39C9 /* Build configuration list for PBXProject "StacyDemo" */ = {
			isa = XCConfigurationList;
			buildConfigurations = (
				748757EC27670CC100CF39C9 /* Debug */,
				748757ED27670CC100CF39C9 /* Release */,
			);
			defaultConfigurationIsVisible = 0;
			defaultConfigurationName = Release;
		};
		748757EE27670CC100CF39C9 /* Build configuration list for PBXNativeTarget "StacyDemo" */ = {
			isa = XCConfigurationList;
			buildConfigurations = (
				748757EF27670CC100CF39C9 /* Debug */,
				748757F027670CC100CF39C9 /* Release */,
			);
			defaultConfigurationIsVisible = 0;
			defaultConfigurationName = Release;
		};
/* End XCConfigurationList section */
	};
	rootObject = 748757D827670CBE00CF39C9 /* Project object */;
}
